<?xml version="1.0" encoding="utf-8"?>
<Project ToolsVersion="4.0" xmlns="http://schemas.microsoft.com/developer/msbuild/2003">
  <ItemGroup>
    <Filter Include="src">
      <UniqueIdentifier>{4FC737F1-C7A5-4376-A066-2A32D752A2FF}</UniqueIdentifier>
      <Extensions>cpp;c;cxx;def;odl;idl;hpj;bat;asm;asmx</Extensions>
    </Filter>
    <Filter Include="src\w32">
      <UniqueIdentifier>{d98229f4-9d28-40ac-a53e-80d525c11156}</UniqueIdentifier>
    </Filter>
    <Filter Include="src\glob">
      <UniqueIdentifier>{6ab515d6-de7d-4233-9a85-c04283296bb4}</UniqueIdentifier>
    </Filter>
    <Filter Include="include">
      <UniqueIdentifier>{93995380-89BD-4b04-88EB-625FBE52EBFB}</UniqueIdentifier>
      <Extensions>h;hpp;hxx;hm;inl;inc;xsd</Extensions>
    </Filter>
    <Filter Include="include\w32">
      <UniqueIdentifier>{9c59d502-6a7f-42ce-af9b-98c676cdfec8}</UniqueIdentifier>
    </Filter>
    <Filter Include="include\glob">
      <UniqueIdentifier>{e0d49cf5-34da-4f3e-8efb-5166c061ae1a}</UniqueIdentifier>
    </Filter>
  </ItemGroup>
  <ItemGroup>
    <ClCompile Include="ar.c">
      <Filter>src</Filter>
    </ClCompile>
    <ClCompile Include="arscan.c">
      <Filter>src</Filter>
    </ClCompile>
    <ClCompile Include="commands.c">
      <Filter>src</Filter>
    </ClCompile>
    <ClCompile Include="default.c">
      <Filter>src</Filter>
    </ClCompile>
    <ClCompile Include="dir.c">
      <Filter>src</Filter>
    </ClCompile>
    <ClCompile Include="expand.c">
      <Filter>src</Filter>
    </ClCompile>
    <ClCompile Include="file.c">
      <Filter>src</Filter>
    </ClCompile>
    <ClCompile Include="function.c">
      <Filter>src</Filter>
    </ClCompile>
    <ClCompile Include="getloadavg.c">
      <Filter>src</Filter>
    </ClCompile>
    <ClCompile Include="getopt.c">
      <Filter>src</Filter>
    </ClCompile>
    <ClCompile Include="getopt1.c">
      <Filter>src</Filter>
    </ClCompile>
    <ClCompile Include="hash.c">
      <Filter>src</Filter>
    </ClCompile>
    <ClCompile Include="strcache.c">
      <Filter>src</Filter>
    </ClCompile>
    <ClCompile Include="implicit.c">
      <Filter>src</Filter>
    </ClCompile>
    <ClCompile Include="job.c">
      <Filter>src</Filter>
    </ClCompile>
    <ClCompile Include="main.c">
      <Filter>src</Filter>
    </ClCompile>
    <ClCompile Include="misc.c">
      <Filter>src</Filter>
    </ClCompile>
    <ClCompile Include="read.c">
      <Filter>src</Filter>
    </ClCompile>
    <ClCompile Include="remake.c">
      <Filter>src</Filter>
    </ClCompile>
    <ClCompile Include="remote-stub.c">
      <Filter>src</Filter>
    </ClCompile>
    <ClCompile Include="rule.c">
      <Filter>src</Filter>
    </ClCompile>
    <ClCompile Include="signame.c">
      <Filter>src</Filter>
    </ClCompile>
    <ClCompile Include="variable.c">
      <Filter>src</Filter>
    </ClCompile>
    <ClCompile Include="version.c">
      <Filter>src</Filter>
    </ClCompile>
    <ClCompile Include="vpath.c">
      <Filter>src</Filter>
    </ClCompile>
    <ClCompile Include="w32\compat\dirent.c">
      <Filter>src\w32</Filter>
    </ClCompile>
    <ClCompile Include="w32\subproc\misc.c">
      <Filter>src\w32</Filter>
    </ClCompile>
    <ClCompile Include="w32\pathstuff.c">
      <Filter>src\w32</Filter>
    </ClCompile>
    <ClCompile Include="w32\subproc\sub_proc.c">
      <Filter>src\w32</Filter>
    </ClCompile>
    <ClCompile Include="w32\subproc\w32err.c">
      <Filter>src\w32</Filter>
    </ClCompile>
    <ClCompile Include="glob\fnmatch.c">
      <Filter>src\glob</Filter>
    </ClCompile>
    <ClCompile Include="glob\glob.c">
      <Filter>src\glob</Filter>
    </ClCompile>
  </ItemGroup>
  <ItemGroup>
    <ClInclude Include="commands.h">
      <Filter>include</Filter>
    </ClInclude>
    <ClInclude Include="config.h">
      <Filter>include</Filter>
    </ClInclude>
    <ClInclude Include="debug.h">
      <Filter>include</Filter>
    </ClInclude>
    <ClInclude Include="dep.h">
      <Filter>include</Filter>
    </ClInclude>
    <ClInclude Include="filedef.h">
      <Filter>include</Filter>
    </ClInclude>
    <ClInclude Include="getopt.h">
      <Filter>include</Filter>
    </ClInclude>
    <ClInclude Include="gettext.h">
      <Filter>include</Filter>
    </ClInclude>
    <ClInclude Include="hash.h">
      <Filter>include</Filter>
    </ClInclude>
    <ClInclude Include="job.h">
      <Filter>include</Filter>
    </ClInclude>
    <ClInclude Include="make.h">
      <Filter>include</Filter>
    </ClInclude>
    <ClInclude Include="rule.h">
      <Filter>include</Filter>
    </ClInclude>
    <ClInclude Include="variable.h">
      <Filter>include</Filter>
    </ClInclude>
    <ClInclude Include="vmsdir.h">
      <Filter>include</Filter>
    </ClInclude>
    <ClInclude Include="w32\include\dirent.h">
      <Filter>include\w32</Filter>
    </ClInclude>
    <ClInclude Include="w32\include\pathstuff.h">
      <Filter>include\w32</Filter>
    </ClInclude>
    <ClInclude Include="w32\subproc\proc.h">
      <Filter>include\w32</Filter>
    </ClInclude>
    <ClInclude Include="w32\include\sub_proc.h">
      <Filter>include\w32</Filter>
    </ClInclude>
    <ClInclude Include="w32\include\w32err.h">
      <Filter>include\w32</Filter>
    </ClInclude>
    <ClInclude Include="glob\fnmatch.h">
      <Filter>include\glob</Filter>
    </ClInclude>
    <ClInclude Include="glob\glob.h">
      <Filter>include\glob</Filter>
    </ClInclude>
  </ItemGroup>
</Project>